
Microsoft Visual Studio Solution File, Format Version 12.00
# Visual Studio Version 17
VisualStudioVersion = 17.9.34616.47
MinimumVisualStudioVersion = 10.0.40219.1
Project("{FAE04EC0-301F-11D3-BF4B-00C04F79EFBC}") = "CS2024", "CS2024.csproj", "{5BAA82EC-B2FA-4516-9293-D6212C167786}"
EndProject
Project("{FAE04EC0-301F-11D3-BF4B-00C04F79EFBC}") = "Unit_Tests", "..\Unit_Tests\Unit_Tests.csproj", "{F5874FDF-F51C-44D0-BDAD-F3861708D530}"
EndProject
Global
	GlobalSection(SolutionConfigurationPlatforms) = preSolution
		Debug|Any CPU = Debug|Any CPU
		Release|Any CPU = Release|Any CPU
	EndGlobalSection
	GlobalSection(ProjectConfigurationPlatforms) = postSolution
		{5BAA82EC-B2FA-4516-9293-D6212C167786}.Debug|Any CPU.ActiveCfg = Debug|Any CPU
		{5BAA82EC-B2FA-4516-9293-D6212C167786}.Debug|Any CPU.Build.0 = Debug|Any CPU
		{5BAA82EC-B2FA-4516-9293-D6212C167786}.Release|Any CPU.ActiveCfg = Release|Any CPU
		{5BAA82EC-B2FA-4516-9293-D6212C167786}.Release|Any CPU.Build.0 = Release|Any CPU
		{F5874FDF-F51C-44D0-BDAD-F3861708D530}.Debug|Any CPU.ActiveCfg = Debug|Any CPU
		{F5874FDF-F51C-44D0-BDAD-F3861708D530}.Debug|Any CPU.Build.0 = Debug|Any CPU
		{F5874FDF-F51C-44D0-BDAD-F3861708D530}.Release|Any CPU.ActiveCfg = Release|Any CPU
		{F5874FDF-F51C-44D0-BDAD-F3861708D530}.Release|Any CPU.Build.0 = Release|Any CPU
	EndGlobalSection
	GlobalSection(SolutionProperties) = preSolution
		HideSolutionNode = FALSE
	EndGlobalSection
	GlobalSection(ExtensibilityGlobals) = postSolution
		SolutionGuid = {572DF942-78FA-419B-B4C9-D97448D6D2BE}
	EndGlobalSection
EndGlobal
